# THIS IS AN AUTOGENERATED FILE. DO NOT EDIT THIS FILE DIRECTLY.
# yarn lockfile v1


"@octokit/endpoint@^5.1.0":
  version "5.3.2"
  resolved "https://registry.npm.taobao.org/@octokit/endpoint/download/@octokit/endpoint-5.3.2.tgz?cache=0&sync_timestamp=1563861119329&other_urls=https%3A%2F%2Fregistry.npm.taobao.org%2F%40octokit%2Fendpoint%2Fdownload%2F%40octokit%2Fendpoint-5.3.2.tgz#2deda2d869cac9ba7f370287d55667be2a808d4b"
  integrity sha1-Le2i2GnKybp/NwKH1VZnviqAjUs=
  dependencies:
    deepmerge "4.0.0"
    is-plain-object "^3.0.0"
    universal-user-agent "^3.0.0"
    url-template "^2.0.8"

"@octokit/graphql@^3.0.1":
  version "3.0.1"
  resolved "https://registry.npm.taobao.org/@octokit/graphql/download/@octokit/graphql-3.0.1.tgz#7559c3bb606a2aab7ba91e82633c044642b354c0"
  integrity sha1-dVnDu2BqKqt7qR6CYzwERkKzVMA=
  dependencies:
    "@octokit/request" "^5.0.0"
    universal-user-agent "^3.0.0"

"@octokit/request-error@^1.0.1":
  version "1.0.4"
  resolved "https://registry.npm.taobao.org/@octokit/request-error/download/@octokit/request-error-1.0.4.tgz#15e1dc22123ba4a9a4391914d80ec1e5303a23be"
  integrity sha1-FeHcIhI7pKmkORkU2A7B5TA6I74=
  dependencies:
    deprecation "^2.0.0"
    once "^1.4.0"

"@octokit/request@^5.0.0":
  version "5.0.2"
  resolved "https://registry.npm.taobao.org/@octokit/request/download/@octokit/request-5.0.2.tgz#59a920451f24811c016ddc507adcc41aafb2dca5"
  integrity sha1-WakgRR8kgRwBbdxQetzEGq+y3KU=
  dependencies:
    "@octokit/endpoint" "^5.1.0"
    "@octokit/request-error" "^1.0.1"
    deprecation "^2.0.0"
    is-plain-object "^3.0.0"
    node-fetch "^2.3.0"
    once "^1.4.0"
    universal-user-agent "^3.0.0"

agentkeepalive@^2.2.0:
  version "2.2.0"
  resolved "https://registry.npm.taobao.org/agentkeepalive/download/agentkeepalive-2.2.0.tgz#c5d1bd4b129008f1163f236f86e5faea2026e2ef"
  integrity sha1-xdG9SxKQCPEWPyNvhuX66iAm4u8=

algoliasearch@^3.33.0:
  version "3.33.0"
  resolved "https://registry.npm.taobao.org/algoliasearch/download/algoliasearch-3.33.0.tgz#83b541124ebb0db54643009d4e660866b3177cdf"
  integrity sha1-g7VBEk67DbVGQwCdTmYIZrMXfN8=
  dependencies:
    agentkeepalive "^2.2.0"
    debug "^2.6.9"
    envify "^4.0.0"
    es6-promise "^4.1.0"
    events "^1.1.0"
    foreach "^2.0.5"
    global "^4.3.2"
    inherits "^2.0.1"
    isarray "^2.0.1"
    load-script "^1.0.0"
    object-keys "^1.0.11"
    querystring-es3 "^0.2.1"
    reduce "^1.0.1"
    semver "^5.1.0"
    tunnel-agent "^0.6.0"

cross-spawn@^6.0.0:
  version "6.0.5"
  resolved "https://registry.npm.taobao.org/cross-spawn/download/cross-spawn-6.0.5.tgz#4a5ec7c64dfae22c3a14124dbacdee846d80cbc4"
  integrity sha1-Sl7Hxk364iw6FBJNus3uhG2Ay8Q=
  dependencies:
    nice-try "^1.0.4"
    path-key "^2.0.1"
    semver "^5.5.0"
    shebang-command "^1.2.0"
    which "^1.2.9"

debug@^2.6.9:
  version "2.6.9"
  resolved "https://registry.npm.taobao.org/debug/download/debug-2.6.9.tgz?cache=0&other_urls=https%3A%2F%2Fregistry.npm.taobao.org%2Fdebug%2Fdownload%2Fdebug-2.6.9.tgz#5d128515df134ff327e90a4c93f4e077a536341f"
  integrity sha1-XRKFFd8TT/Mn6QpMk/Tgd6U2NB8=
  dependencies:
    ms "2.0.0"

deepmerge@4.0.0:
  version "4.0.0"
  resolved "https://registry.npm.taobao.org/deepmerge/download/deepmerge-4.0.0.tgz#3e3110ca29205f120d7cb064960a39c3d2087c09"
  integrity sha1-PjEQyikgXxINfLBklgo5w9IIfAk=

deprecation@^2.0.0:
  version "2.3.1"
  resolved "https://registry.npm.taobao.org/deprecation/download/deprecation-2.3.1.tgz#6368cbdb40abf3373b525ac87e4a260c3a700919"
  integrity sha1-Y2jL20Cr8zc7UlrIfkomDDpwCRk=

dom-walk@^0.1.0:
  version "0.1.1"
  resolved "https://registry.npm.taobao.org/dom-walk/download/dom-walk-0.1.1.tgz#672226dc74c8f799ad35307df936aba11acd6018"
  integrity sha1-ZyIm3HTI95mtNTB9+TaroRrNYBg=

end-of-stream@^1.1.0:
  version "1.4.1"
  resolved "https://registry.npm.taobao.org/end-of-stream/download/end-of-stream-1.4.1.tgz#ed29634d19baba463b6ce6b80a37213eab71ec43"
  integrity sha1-7SljTRm6ukY7bOa4CjchPqtx7EM=
  dependencies:
    once "^1.4.0"

envify@^4.0.0:
  version "4.1.0"
  resolved "https://registry.npm.taobao.org/envify/download/envify-4.1.0.tgz#f39ad3db9d6801b4e6b478b61028d3f0b6819f7e"
  integrity sha1-85rT251oAbTmtHi2ECjT8LaBn34=
  dependencies:
    esprima "^4.0.0"
    through "~2.3.4"

es6-promise@^4.1.0:
  version "4.2.8"
  resolved "https://registry.npm.taobao.org/es6-promise/download/es6-promise-4.2.8.tgz?cache=0&other_urls=https%3A%2F%2Fregistry.npm.taobao.org%2Fes6-promise%2Fdownload%2Fes6-promise-4.2.8.tgz#4eb21594c972bc40553d276e510539143db53e0a"
  integrity sha1-TrIVlMlyvEBVPSduUQU5FD21Pgo=

esprima@^4.0.0:
  version "4.0.1"
  resolved "https://registry.npm.taobao.org/esprima/download/esprima-4.0.1.tgz#13b04cdb3e6c5d19df91ab6987a8695619b0aa71"
  integrity sha1-E7BM2z5sXRnfkatph6hpVhmwqnE=

events@^1.1.0:
  version "1.1.1"
  resolved "https://registry.npm.taobao.org/events/download/events-1.1.1.tgz#9ebdb7635ad099c70dcc4c2a1f5004288e8bd924"
  integrity sha1-nr23Y1rQmccNzEwqH1AEKI6L2SQ=

execa@^1.0.0:
  version "1.0.0"
  resolved "https://registry.npm.taobao.org/execa/download/execa-1.0.0.tgz#c6236a5bb4df6d6f15e88e7f017798216749ddd8"
  integrity sha1-xiNqW7TfbW8V6I5/AXeYIWdJ3dg=
  dependencies:
    cross-spawn "^6.0.0"
    get-stream "^4.0.0"
    is-stream "^1.1.0"
    npm-run-path "^2.0.0"
    p-finally "^1.0.0"
    signal-exit "^3.0.0"
    strip-eof "^1.0.0"

foreach@^2.0.5:
  version "2.0.5"
  resolved "https://registry.npm.taobao.org/foreach/download/foreach-2.0.5.tgz#0bee005018aeb260d0a3af3ae658dd0136ec1b99"
  integrity sha1-C+4AUBiusmDQo6865ljdATbsG5k=

get-stream@^4.0.0:
  version "4.1.0"
  resolved "https://registry.npm.taobao.org/get-stream/download/get-stream-4.1.0.tgz#c1b255575f3dc21d59bfc79cd3d2b46b1c3a54b5"
  integrity sha1-wbJVV189wh1Zv8ec09K0axw6VLU=
  dependencies:
    pump "^3.0.0"

global@^4.3.2:
  version "4.4.0"
  resolved "https://registry.npm.taobao.org/global/download/global-4.4.0.tgz#3e7b105179006a323ed71aafca3e9c57a5cc6406"
  integrity sha1-PnsQUXkAajI+1xqvyj6cV6XMZAY=
  dependencies:
    min-document "^2.19.0"
    process "^0.11.10"

inherits@^2.0.1:
  version "2.0.4"
  resolved "https://registry.npm.taobao.org/inherits/download/inherits-2.0.4.tgz?cache=0&sync_timestamp=1560975547815&other_urls=https%3A%2F%2Fregistry.npm.taobao.org%2Finherits%2Fdownload%2Finherits-2.0.4.tgz#0fa2c64f932917c3433a0ded55363aae37416b7c"
  integrity sha1-D6LGT5MpF8NDOg3tVTY6rjdBa3w=

is-plain-object@^3.0.0:
  version "3.0.0"
  resolved "https://registry.npm.taobao.org/is-plain-object/download/is-plain-object-3.0.0.tgz#47bfc5da1b5d50d64110806c199359482e75a928"
  integrity sha1-R7/F2htdUNZBEIBsGZNZSC51qSg=
  dependencies:
    isobject "^4.0.0"

is-stream@^1.1.0:
  version "1.1.0"
  resolved "https://registry.npm.taobao.org/is-stream/download/is-stream-1.1.0.tgz#12d4a3dd4e68e0b79ceb8dbc84173ae80d91ca44"
  integrity sha1-EtSj3U5o4Lec6428hBc66A2RykQ=

isarray@^2.0.1:
  version "2.0.5"
  resolved "https://registry.npm.taobao.org/isarray/download/isarray-2.0.5.tgz?cache=0&sync_timestamp=1562592096220&other_urls=https%3A%2F%2Fregistry.npm.taobao.org%2Fisarray%2Fdownload%2Fisarray-2.0.5.tgz#8af1e4c1221244cc62459faf38940d4e644a5723"
  integrity sha1-ivHkwSISRMxiRZ+vOJQNTmRKVyM=

isexe@^2.0.0:
  version "2.0.0"
  resolved "https://registry.npm.taobao.org/isexe/download/isexe-2.0.0.tgz?cache=0&other_urls=https%3A%2F%2Fregistry.npm.taobao.org%2Fisexe%2Fdownload%2Fisexe-2.0.0.tgz#e8fbf374dc556ff8947a10dcb0572d633f2cfa10"
  integrity sha1-6PvzdNxVb/iUehDcsFctYz8s+hA=

isobject@^4.0.0:
  version "4.0.0"
  resolved "https://registry.npm.taobao.org/isobject/download/isobject-4.0.0.tgz#3f1c9155e73b192022a80819bacd0343711697b0"
  integrity sha1-PxyRVec7GSAiqAgZus0DQ3EWl7A=

load-script@^1.0.0:
  version "1.0.0"
  resolved "https://registry.npm.taobao.org/load-script/download/load-script-1.0.0.tgz#0491939e0bee5643ee494a7e3da3d2bac70c6ca4"
  integrity sha1-BJGTngvuVkPuSUp+PaPSuscMbKQ=

macos-release@^2.2.0:
  version "2.3.0"
  resolved "https://registry.npm.taobao.org/macos-release/download/macos-release-2.3.0.tgz#eb1930b036c0800adebccd5f17bc4c12de8bb71f"
  integrity sha1-6xkwsDbAgArevM1fF7xMEt6Ltx8=

min-document@^2.19.0:
  version "2.19.0"
  resolved "https://registry.npm.taobao.org/min-document/download/min-document-2.19.0.tgz#7bd282e3f5842ed295bb748cdd9f1ffa2c824685"
  integrity sha1-e9KC4/WELtKVu3SM3Z8f+iyCRoU=
  dependencies:
    dom-walk "^0.1.0"

ms@2.0.0:
  version "2.0.0"
  resolved "https://registry.npm.taobao.org/ms/download/ms-2.0.0.tgz?cache=0&other_urls=https%3A%2F%2Fregistry.npm.taobao.org%2Fms%2Fdownload%2Fms-2.0.0.tgz#5608aeadfc00be6c2901df5f9861788de0d597c8"
  integrity sha1-VgiurfwAvmwpAd9fmGF4jeDVl8g=

nice-try@^1.0.4:
  version "1.0.5"
  resolved "https://registry.npm.taobao.org/nice-try/download/nice-try-1.0.5.tgz#a3378a7696ce7d223e88fc9b764bd7ef1089e366"
  integrity sha1-ozeKdpbOfSI+iPybdkvX7xCJ42Y=

node-fetch@^2.3.0:
  version "2.6.0"
  resolved "https://registry.npm.taobao.org/node-fetch/download/node-fetch-2.6.0.tgz#e633456386d4aa55863f676a7ab0daa8fdecb0fd"
  integrity sha1-5jNFY4bUqlWGP2dqerDaqP3ssP0=

npm-run-path@^2.0.0:
  version "2.0.2"
  resolved "https://registry.npm.taobao.org/npm-run-path/download/npm-run-path-2.0.2.tgz#35a9232dfa35d7067b4cb2ddf2357b1871536c5f"
  integrity sha1-NakjLfo11wZ7TLLd8jV7GHFTbF8=
  dependencies:
    path-key "^2.0.0"

object-keys@^1.0.11, object-keys@^1.1.0:
  version "1.1.1"
  resolved "https://registry.npm.taobao.org/object-keys/download/object-keys-1.1.1.tgz#1c47f272df277f3b1daf061677d9c82e2322c60e"
  integrity sha1-HEfyct8nfzsdrwYWd9nILiMixg4=

once@^1.3.1, once@^1.4.0:
  version "1.4.0"
  resolved "https://registry.npm.taobao.org/once/download/once-1.4.0.tgz#583b1aa775961d4b113ac17d9c50baef9dd76bd1"
  integrity sha1-WDsap3WWHUsROsF9nFC6753Xa9E=
  dependencies:
    wrappy "1"

os-name@^3.0.0:
  version "3.1.0"
  resolved "https://registry.npm.taobao.org/os-name/download/os-name-3.1.0.tgz#dec19d966296e1cd62d701a5a66ee1ddeae70801"
  integrity sha1-3sGdlmKW4c1i1wGlpm7h3ernCAE=
  dependencies:
    macos-release "^2.2.0"
    windows-release "^3.1.0"

p-finally@^1.0.0:
  version "1.0.0"
  resolved "https://registry.npm.taobao.org/p-finally/download/p-finally-1.0.0.tgz?cache=0&sync_timestamp=1560955759606&other_urls=https%3A%2F%2Fregistry.npm.taobao.org%2Fp-finally%2Fdownload%2Fp-finally-1.0.0.tgz#3fbcfb15b899a44123b34b6dcc18b724336a2cae"
  integrity sha1-P7z7FbiZpEEjs0ttzBi3JDNqLK4=

path-key@^2.0.0, path-key@^2.0.1:
  version "2.0.1"
  resolved "https://registry.npm.taobao.org/path-key/download/path-key-2.0.1.tgz#411cadb574c5a140d3a4b1910d40d80cc9f40b40"
  integrity sha1-QRyttXTFoUDTpLGRDUDYDMn0C0A=

process@^0.11.10:
  version "0.11.10"
  resolved "https://registry.npm.taobao.org/process/download/process-0.11.10.tgz#7332300e840161bda3e69a1d1d91a7d4bc16f182"
  integrity sha1-czIwDoQBYb2j5podHZGn1LwW8YI=

pump@^3.0.0:
  version "3.0.0"
  resolved "https://registry.npm.taobao.org/pump/download/pump-3.0.0.tgz#b4a2116815bde2f4e1ea602354e8c75565107a64"
  integrity sha1-tKIRaBW94vTh6mAjVOjHVWUQemQ=
  dependencies:
    end-of-stream "^1.1.0"
    once "^1.3.1"

querystring-es3@^0.2.1:
  version "0.2.1"
  resolved "https://registry.npm.taobao.org/querystring-es3/download/querystring-es3-0.2.1.tgz#9ec61f79049875707d69414596fd907a4d711e73"
  integrity sha1-nsYfeQSYdXB9aUFFlv2Qek1xHnM=

reduce@^1.0.1:
  version "1.0.2"
  resolved "https://registry.npm.taobao.org/reduce/download/reduce-1.0.2.tgz#0cd680ad3ffe0b060e57a5c68bdfce37168d361b"
  integrity sha1-DNaArT/+CwYOV6XGi9/ONxaNNhs=
  dependencies:
    object-keys "^1.1.0"

safe-buffer@^5.0.1:
  version "5.2.0"
  resolved "https://registry.npm.taobao.org/safe-buffer/download/safe-buffer-5.2.0.tgz#b74daec49b1148f88c64b68d49b1e815c1f2f519"
  integrity sha1-t02uxJsRSPiMZLaNSbHoFcHy9Rk=

semver@^5.1.0, semver@^5.5.0:
  version "5.7.1"
  resolved "https://registry.npm.taobao.org/semver/download/semver-5.7.1.tgz#a954f931aeba508d307bbf069eff0c01c96116f7"
  integrity sha1-qVT5Ma66UI0we78Gnv8MAclhFvc=

shebang-command@^1.2.0:
  version "1.2.0"
  resolved "https://registry.npm.taobao.org/shebang-command/download/shebang-command-1.2.0.tgz#44aac65b695b03398968c39f363fee5deafdf1ea"
  integrity sha1-RKrGW2lbAzmJaMOfNj/uXer98eo=
  dependencies:
    shebang-regex "^1.0.0"

shebang-regex@^1.0.0:
  version "1.0.0"
  resolved "https://registry.npm.taobao.org/shebang-regex/download/shebang-regex-1.0.0.tgz#da42f49740c0b42db2ca9728571cb190c98efea3"
  integrity sha1-2kL0l0DAtC2yypcoVxyxkMmO/qM=

signal-exit@^3.0.0:
  version "3.0.2"
  resolved "https://registry.npm.taobao.org/signal-exit/download/signal-exit-3.0.2.tgz#b5fdc08f1287ea1178628e415e25132b73646c6d"
  integrity sha1-tf3AjxKH6hF4Yo5BXiUTK3NkbG0=

strip-eof@^1.0.0:
  version "1.0.0"
  resolved "https://registry.npm.taobao.org/strip-eof/download/strip-eof-1.0.0.tgz#bb43ff5598a6eb05d89b59fcd129c983313606bf"
  integrity sha1-u0P/VZim6wXYm1n80SnJgzE2Br8=

through@~2.3.4:
  version "2.3.8"
  resolved "https://registry.npm.taobao.org/through/download/through-2.3.8.tgz#0dd4c9ffaabc357960b1b724115d7e0e86a2e1f5"
  integrity sha1-DdTJ/6q8NXlgsbckEV1+Doai4fU=

tunnel-agent@^0.6.0:
  version "0.6.0"
  resolved "https://registry.npm.taobao.org/tunnel-agent/download/tunnel-agent-0.6.0.tgz#27a5dea06b36b04a0a9966774b290868f0fc40fd"
  integrity sha1-J6XeoGs2sEoKmWZ3SykIaPD8QP0=
  dependencies:
    safe-buffer "^5.0.1"

universal-user-agent@^3.0.0:
  version "3.0.0"
  resolved "https://registry.npm.taobao.org/universal-user-agent/download/universal-user-agent-3.0.0.tgz#4cc88d68097bffd7ac42e3b7c903e7481424b4b9"
  integrity sha1-TMiNaAl7/9esQuO3yQPnSBQktLk=
  dependencies:
    os-name "^3.0.0"

url-template@^2.0.8:
  version "2.0.8"
  resolved "https://registry.npm.taobao.org/url-template/download/url-template-2.0.8.tgz#fc565a3cccbff7730c775f5641f9555791439f21"
  integrity sha1-/FZaPMy/93MMd19WQflVV5FDnyE=

which@^1.2.9:
  version "1.3.1"
  resolved "https://registry.npm.taobao.org/which/download/which-1.3.1.tgz#a45043d54f5805316da8d62f9f50918d3da70b0a"
  integrity sha1-pFBD1U9YBTFtqNYvn1CRjT2nCwo=
  dependencies:
    isexe "^2.0.0"

windows-release@^3.1.0:
  version "3.2.0"
  resolved "https://registry.npm.taobao.org/windows-release/download/windows-release-3.2.0.tgz#8122dad5afc303d833422380680a79cdfa91785f"
  integrity sha1-gSLa1a/DA9gzQiOAaAp5zfqReF8=
  dependencies:
    execa "^1.0.0"

wrappy@1:
  version "1.0.2"
  resolved "https://registry.npm.taobao.org/wrappy/download/wrappy-1.0.2.tgz#b5243d8f3ec1aa35f1364605bc0d1036e30ab69f"
  integrity sha1-tSQ9jz7BqjXxNkYFvA0QNuMKtp8=
